
Microsoft Visual Studio Solution File, Format Version 12.00
# Visual Studio 14
VisualStudioVersion = 14.0.25420.1
MinimumVisualStudioVersion = 10.0.40219.1
Project("{8BC9CEB8-8B4A-11D0-8D11-00A0C91BC942}") = "14-1", "14-1\14-1.vcxproj", "{0A02DCF0-44B4-406A-B46F-266FDD9B7C63}"
EndProject
Project("{8BC9CEB8-8B4A-11D0-8D11-00A0C91BC942}") = "14-4", "14-4\14-4.vcxproj", "{A7817970-AE9F-4811-AF71-9300B26DFFD2}"
EndProject
Project("{8BC9CEB8-8B4A-11D0-8D11-00A0C91BC942}") = "14-7", "14-7\14-7.vcxproj", "{D32B3524-26F2-435C-81F3-585F31CCC332}"
EndProject
Project("{8BC9CEB8-8B4A-11D0-8D11-00A0C91BC942}") = "14-10", "14-10\14-10.vcxproj", "{2C5E0EEA-63D9-4DCD-8A76-9DE82494EC53}"
EndProject
Project("{8BC9CEB8-8B4A-11D0-8D11-00A0C91BC942}") = "14-13", "14-13\14-13.vcxproj", "{6E9DA7C8-3B7E-42A3-97D4-A0B0B2EEE983}"
EndProject
Project("{8BC9CEB8-8B4A-11D0-8D11-00A0C91BC942}") = "14-15", "14-15\14-15.vcxproj", "{1CCA3B39-969C-4908-A71D-27486BFB3541}"
EndProject
Project("{8BC9CEB8-8B4A-11D0-8D11-00A0C91BC942}") = "14-17", "14-17\14-17.vcxproj", "{D0886F83-A0E6-4CCE-8888-A5EEED4383E1}"
EndProject
Project("{8BC9CEB8-8B4A-11D0-8D11-00A0C91BC942}") = "14-19", "14-19\14-19.vcxproj", "{B3CA89A3-E0F5-4A7C-8B65-67E18AE43F22}"
EndProject
Project("{8BC9CEB8-8B4A-11D0-8D11-00A0C91BC942}") = "14-20", "14-20\14-20.vcxproj", "{548D0E17-2E7B-4C7F-9C5D-F305AD2A4C02}"
EndProject
Project("{8BC9CEB8-8B4A-11D0-8D11-00A0C91BC942}") = "14-21", "14-21\14-21.vcxproj", "{37207732-648E-497C-B789-FDD2AA56F644}"
EndProject
Project("{8BC9CEB8-8B4A-11D0-8D11-00A0C91BC942}") = "14-22", "14-22\14-22.vcxproj", "{206BBAEC-42A3-4D0E-B9A9-DA924C379684}"
EndProject
Project("{8BC9CEB8-8B4A-11D0-8D11-00A0C91BC942}") = "14-23", "14-23\14-23.vcxproj", "{7342F730-CA92-4819-9974-905DB98C4F63}"
EndProject
Project("{8BC9CEB8-8B4A-11D0-8D11-00A0C91BC942}") = "14-24", "14-24\14-24.vcxproj", "{8EEC82B1-07E3-4504-9379-96D69CB5E43C}"
EndProject
Global
	GlobalSection(SolutionConfigurationPlatforms) = preSolution
		Debug|x64 = Debug|x64
		Debug|x86 = Debug|x86
		Release|x64 = Release|x64
		Release|x86 = Release|x86
	EndGlobalSection
	GlobalSection(ProjectConfigurationPlatforms) = postSolution
		{0A02DCF0-44B4-406A-B46F-266FDD9B7C63}.Debug|x64.ActiveCfg = Debug|x64
		{0A02DCF0-44B4-406A-B46F-266FDD9B7C63}.Debug|x64.Build.0 = Debug|x64
		{0A02DCF0-44B4-406A-B46F-266FDD9B7C63}.Debug|x86.ActiveCfg = Debug|Win32
		{0A02DCF0-44B4-406A-B46F-266FDD9B7C63}.Debug|x86.Build.0 = Debug|Win32
		{0A02DCF0-44B4-406A-B46F-266FDD9B7C63}.Release|x64.ActiveCfg = Release|x64
		{0A02DCF0-44B4-406A-B46F-266FDD9B7C63}.Release|x64.Build.0 = Release|x64
		{0A02DCF0-44B4-406A-B46F-266FDD9B7C63}.Release|x86.ActiveCfg = Release|Win32
		{0A02DCF0-44B4-406A-B46F-266FDD9B7C63}.Release|x86.Build.0 = Release|Win32
		{A7817970-AE9F-4811-AF71-9300B26DFFD2}.Debug|x64.ActiveCfg = Debug|x64
		{A7817970-AE9F-4811-AF71-9300B26DFFD2}.Debug|x64.Build.0 = Debug|x64
		{A7817970-AE9F-4811-AF71-9300B26DFFD2}.Debug|x86.ActiveCfg = Debug|Win32
		{A7817970-AE9F-4811-AF71-9300B26DFFD2}.Debug|x86.Build.0 = Debug|Win32
		{A7817970-AE9F-4811-AF71-9300B26DFFD2}.Release|x64.ActiveCfg = Release|x64
		{A7817970-AE9F-4811-AF71-9300B26DFFD2}.Release|x64.Build.0 = Release|x64
		{A7817970-AE9F-4811-AF71-9300B26DFFD2}.Release|x86.ActiveCfg = Release|Win32
		{A7817970-AE9F-4811-AF71-9300B26DFFD2}.Release|x86.Build.0 = Release|Win32
		{D32B3524-26F2-435C-81F3-585F31CCC332}.Debug|x64.ActiveCfg = Debug|x64
		{D32B3524-26F2-435C-81F3-585F31CCC332}.Debug|x64.Build.0 = Debug|x64
		{D32B3524-26F2-435C-81F3-585F31CCC332}.Debug|x86.ActiveCfg = Debug|Win32
		{D32B3524-26F2-435C-81F3-585F31CCC332}.Debug|x86.Build.0 = Debug|Win32
		{D32B3524-26F2-435C-81F3-585F31CCC332}.Release|x64.ActiveCfg = Release|x64
		{D32B3524-26F2-435C-81F3-585F31CCC332}.Release|x64.Build.0 = Release|x64
		{D32B3524-26F2-435C-81F3-585F31CCC332}.Release|x86.ActiveCfg = Release|Win32
		{D32B3524-26F2-435C-81F3-585F31CCC332}.Release|x86.Build.0 = Release|Win32
		{2C5E0EEA-63D9-4DCD-8A76-9DE82494EC53}.Debug|x64.ActiveCfg = Debug|x64
		{2C5E0EEA-63D9-4DCD-8A76-9DE82494EC53}.Debug|x64.Build.0 = Debug|x64
		{2C5E0EEA-63D9-4DCD-8A76-9DE82494EC53}.Debug|x86.ActiveCfg = Debug|Win32
		{2C5E0EEA-63D9-4DCD-8A76-9DE82494EC53}.Debug|x86.Build.0 = Debug|Win32
		{2C5E0EEA-63D9-4DCD-8A76-9DE82494EC53}.Release|x64.ActiveCfg = Release|x64
		{2C5E0EEA-63D9-4DCD-8A76-9DE82494EC53}.Release|x64.Build.0 = Release|x64
		{2C5E0EEA-63D9-4DCD-8A76-9DE82494EC53}.Release|x86.ActiveCfg = Release|Win32
		{2C5E0EEA-63D9-4DCD-8A76-9DE82494EC53}.Release|x86.Build.0 = Release|Win32
		{6E9DA7C8-3B7E-42A3-97D4-A0B0B2EEE983}.Debug|x64.ActiveCfg = Debug|x64
		{6E9DA7C8-3B7E-42A3-97D4-A0B0B2EEE983}.Debug|x64.Build.0 = Debug|x64
		{6E9DA7C8-3B7E-42A3-97D4-A0B0B2EEE983}.Debug|x86.ActiveCfg = Debug|Win32
		{6E9DA7C8-3B7E-42A3-97D4-A0B0B2EEE983}.Debug|x86.Build.0 = Debug|Win32
		{6E9DA7C8-3B7E-42A3-97D4-A0B0B2EEE983}.Release|x64.ActiveCfg = Release|x64
		{6E9DA7C8-3B7E-42A3-97D4-A0B0B2EEE983}.Release|x64.Build.0 = Release|x64
		{6E9DA7C8-3B7E-42A3-97D4-A0B0B2EEE983}.Release|x86.ActiveCfg = Release|Win32
		{6E9DA7C8-3B7E-42A3-97D4-A0B0B2EEE983}.Release|x86.Build.0 = Release|Win32
		{1CCA3B39-969C-4908-A71D-27486BFB3541}.Debug|x64.ActiveCfg = Debug|x64
		{1CCA3B39-969C-4908-A71D-27486BFB3541}.Debug|x64.Build.0 = Debug|x64
		{1CCA3B39-969C-4908-A71D-27486BFB3541}.Debug|x86.ActiveCfg = Debug|Win32
		{1CCA3B39-969C-4908-A71D-27486BFB3541}.Debug|x86.Build.0 = Debug|Win32
		{1CCA3B39-969C-4908-A71D-27486BFB3541}.Release|x64.ActiveCfg = Release|x64
		{1CCA3B39-969C-4908-A71D-27486BFB3541}.Release|x64.Build.0 = Release|x64
		{1CCA3B39-969C-4908-A71D-27486BFB3541}.Release|x86.ActiveCfg = Release|Win32
		{1CCA3B39-969C-4908-A71D-27486BFB3541}.Release|x86.Build.0 = Release|Win32
		{D0886F83-A0E6-4CCE-8888-A5EEED4383E1}.Debug|x64.ActiveCfg = Debug|x64
		{D0886F83-A0E6-4CCE-8888-A5EEED4383E1}.Debug|x64.Build.0 = Debug|x64
		{D0886F83-A0E6-4CCE-8888-A5EEED4383E1}.Debug|x86.ActiveCfg = Debug|Win32
		{D0886F83-A0E6-4CCE-8888-A5EEED4383E1}.Debug|x86.Build.0 = Debug|Win32
		{D0886F83-A0E6-4CCE-8888-A5EEED4383E1}.Release|x64.ActiveCfg = Release|x64
		{D0886F83-A0E6-4CCE-8888-A5EEED4383E1}.Release|x64.Build.0 = Release|x64
		{D0886F83-A0E6-4CCE-8888-A5EEED4383E1}.Release|x86.ActiveCfg = Release|Win32
		{D0886F83-A0E6-4CCE-8888-A5EEED4383E1}.Release|x86.Build.0 = Release|Win32
		{B3CA89A3-E0F5-4A7C-8B65-67E18AE43F22}.Debug|x64.ActiveCfg = Debug|x64
		{B3CA89A3-E0F5-4A7C-8B65-67E18AE43F22}.Debug|x64.Build.0 = Debug|x64
		{B3CA89A3-E0F5-4A7C-8B65-67E18AE43F22}.Debug|x86.ActiveCfg = Debug|Win32
		{B3CA89A3-E0F5-4A7C-8B65-67E18AE43F22}.Debug|x86.Build.0 = Debug|Win32
		{B3CA89A3-E0F5-4A7C-8B65-67E18AE43F22}.Release|x64.ActiveCfg = Release|x64
		{B3CA89A3-E0F5-4A7C-8B65-67E18AE43F22}.Release|x64.Build.0 = Release|x64
		{B3CA89A3-E0F5-4A7C-8B65-67E18AE43F22}.Release|x86.ActiveCfg = Release|Win32
		{B3CA89A3-E0F5-4A7C-8B65-67E18AE43F22}.Release|x86.Build.0 = Release|Win32
		{548D0E17-2E7B-4C7F-9C5D-F305AD2A4C02}.Debug|x64.ActiveCfg = Debug|x64
		{548D0E17-2E7B-4C7F-9C5D-F305AD2A4C02}.Debug|x64.Build.0 = Debug|x64
		{548D0E17-2E7B-4C7F-9C5D-F305AD2A4C02}.Debug|x86.ActiveCfg = Debug|Win32
		{548D0E17-2E7B-4C7F-9C5D-F305AD2A4C02}.Debug|x86.Build.0 = Debug|Win32
		{548D0E17-2E7B-4C7F-9C5D-F305AD2A4C02}.Release|x64.ActiveCfg = Release|x64
		{548D0E17-2E7B-4C7F-9C5D-F305AD2A4C02}.Release|x64.Build.0 = Release|x64
		{548D0E17-2E7B-4C7F-9C5D-F305AD2A4C02}.Release|x86.ActiveCfg = Release|Win32
		{548D0E17-2E7B-4C7F-9C5D-F305AD2A4C02}.Release|x86.Build.0 = Release|Win32
		{37207732-648E-497C-B789-FDD2AA56F644}.Debug|x64.ActiveCfg = Debug|x64
		{37207732-648E-497C-B789-FDD2AA56F644}.Debug|x64.Build.0 = Debug|x64
		{37207732-648E-497C-B789-FDD2AA56F644}.Debug|x86.ActiveCfg = Debug|Win32
		{37207732-648E-497C-B789-FDD2AA56F644}.Debug|x86.Build.0 = Debug|Win32
		{37207732-648E-497C-B789-FDD2AA56F644}.Release|x64.ActiveCfg = Release|x64
		{37207732-648E-497C-B789-FDD2AA56F644}.Release|x64.Build.0 = Release|x64
		{37207732-648E-497C-B789-FDD2AA56F644}.Release|x86.ActiveCfg = Release|Win32
		{37207732-648E-497C-B789-FDD2AA56F644}.Release|x86.Build.0 = Release|Win32
		{206BBAEC-42A3-4D0E-B9A9-DA924C379684}.Debug|x64.ActiveCfg = Debug|x64
		{206BBAEC-42A3-4D0E-B9A9-DA924C379684}.Debug|x64.Build.0 = Debug|x64
		{206BBAEC-42A3-4D0E-B9A9-DA924C379684}.Debug|x86.ActiveCfg = Debug|Win32
		{206BBAEC-42A3-4D0E-B9A9-DA924C379684}.Debug|x86.Build.0 = Debug|Win32
		{206BBAEC-42A3-4D0E-B9A9-DA924C379684}.Release|x64.ActiveCfg = Release|x64
		{206BBAEC-42A3-4D0E-B9A9-DA924C379684}.Release|x64.Build.0 = Release|x64
		{206BBAEC-42A3-4D0E-B9A9-DA924C379684}.Release|x86.ActiveCfg = Release|Win32
		{206BBAEC-42A3-4D0E-B9A9-DA924C379684}.Release|x86.Build.0 = Release|Win32
		{7342F730-CA92-4819-9974-905DB98C4F63}.Debug|x64.ActiveCfg = Debug|x64
		{7342F730-CA92-4819-9974-905DB98C4F63}.Debug|x64.Build.0 = Debug|x64
		{7342F730-CA92-4819-9974-905DB98C4F63}.Debug|x86.ActiveCfg = Debug|Win32
		{7342F730-CA92-4819-9974-905DB98C4F63}.Debug|x86.Build.0 = Debug|Win32
		{7342F730-CA92-4819-9974-905DB98C4F63}.Release|x64.ActiveCfg = Release|x64
		{7342F730-CA92-4819-9974-905DB98C4F63}.Release|x64.Build.0 = Release|x64
		{7342F730-CA92-4819-9974-905DB98C4F63}.Release|x86.ActiveCfg = Release|Win32
		{7342F730-CA92-4819-9974-905DB98C4F63}.Release|x86.Build.0 = Release|Win32
		{8EEC82B1-07E3-4504-9379-96D69CB5E43C}.Debug|x64.ActiveCfg = Debug|x64
		{8EEC82B1-07E3-4504-9379-96D69CB5E43C}.Debug|x64.Build.0 = Debug|x64
		{8EEC82B1-07E3-4504-9379-96D69CB5E43C}.Debug|x86.ActiveCfg = Debug|Win32
		{8EEC82B1-07E3-4504-9379-96D69CB5E43C}.Debug|x86.Build.0 = Debug|Win32
		{8EEC82B1-07E3-4504-9379-96D69CB5E43C}.Release|x64.ActiveCfg = Release|x64
		{8EEC82B1-07E3-4504-9379-96D69CB5E43C}.Release|x64.Build.0 = Release|x64
		{8EEC82B1-07E3-4504-9379-96D69CB5E43C}.Release|x86.ActiveCfg = Release|Win32
		{8EEC82B1-07E3-4504-9379-96D69CB5E43C}.Release|x86.Build.0 = Release|Win32
	EndGlobalSection
	GlobalSection(SolutionProperties) = preSolution
		HideSolutionNode = FALSE
	EndGlobalSection
EndGlobal
